
Microsoft Visual Studio Solution File, Format Version 12.00
# Visual Studio 2015
Project("{FAE04EC0-301F-11D3-BF4B-00C04F79EFBC}") = "Test Unity Project", "Test Unity Project.csproj", "{5566FC7D-65E9-B96A-AB74-E68C2327A14F}"
EndProject
Project("{FAE04EC0-301F-11D3-BF4B-00C04F79EFBC}") = "Test Unity Project.Editor", "Test Unity Project.Editor.csproj", "{29704370-30F6-BFED-5816-FB9FAD5DBCDF}"
EndProject
Global
	GlobalSection(SolutionConfigurationPlatforms) = preSolution
		Debug|Any CPU = Debug|Any CPU
		Release|Any CPU = Release|Any CPU
	EndGlobalSection
	GlobalSection(ProjectConfigurationPlatforms) = postSolution
		{5566FC7D-65E9-B96A-AB74-E68C2327A14F}.Debug|Any CPU.ActiveCfg = Debug|Any CPU
		{5566FC7D-65E9-B96A-AB74-E68C2327A14F}.Debug|Any CPU.Build.0 = Debug|Any CPU
		{5566FC7D-65E9-B96A-AB74-E68C2327A14F}.Release|Any CPU.ActiveCfg = Release|Any CPU
		{5566FC7D-65E9-B96A-AB74-E68C2327A14F}.Release|Any CPU.Build.0 = Release|Any CPU
		{29704370-30F6-BFED-5816-FB9FAD5DBCDF}.Debug|Any CPU.ActiveCfg = Debug|Any CPU
		{29704370-30F6-BFED-5816-FB9FAD5DBCDF}.Debug|Any CPU.Build.0 = Debug|Any CPU
		{29704370-30F6-BFED-5816-FB9FAD5DBCDF}.Release|Any CPU.ActiveCfg = Release|Any CPU
		{29704370-30F6-BFED-5816-FB9FAD5DBCDF}.Release|Any CPU.Build.0 = Release|Any CPU
	EndGlobalSection
	GlobalSection(SolutionProperties) = preSolution
		HideSolutionNode = FALSE
	EndGlobalSection
EndGlobal
